
Microsoft Visual Studio Solution File, Format Version 10.00
# Visual Studio 2008
Project("{FAE04EC0-301F-11D3-BF4B-00C04F79EFBC}") = "SevenZip", "SevenZip.csproj", "{4960DD14-3431-47EC-B9D9-9D2730A98DC3}"
EndProject
Project("{FAE04EC0-301F-11D3-BF4B-00C04F79EFBC}") = "SevenZipTest", "..\SevenZipTest\SevenZipTest.csproj", "{B87AD11B-B701-496B-B48E-D1D963F2A336}"
EndProject
Project("{FAE04EC0-301F-11D3-BF4B-00C04F79EFBC}") = "SevenZipTestForms", "..\SevenZipTestForms\SevenZipTestForms.csproj", "{F87D341F-98B8-46B5-9794-880EB0649781}"
EndProject
Project("{FAE04EC0-301F-11D3-BF4B-00C04F79EFBC}") = "SevenZipDoc", "..\SevenZipDoc\SevenZipDoc.csproj", "{5955CC95-9232-45CD-9DB4-AF9F1BB6B59E}"
EndProject
Project("{FAE04EC0-301F-11D3-BF4B-00C04F79EFBC}") = "SevenZipSharpMobile", "..\SevenZipSharpMobile\SevenZipSharpMobile.csproj", "{29DDDB7C-F1E9-439C-83CF-D2975FD7A70C}"
EndProject
Global
	GlobalSection(SolutionConfigurationPlatforms) = preSolution
		Debug|Any CPU = Debug|Any CPU
		Deploy|Any CPU = Deploy|Any CPU
		Release|Any CPU = Release|Any CPU
	EndGlobalSection
	GlobalSection(ProjectConfigurationPlatforms) = postSolution
		{4960DD14-3431-47EC-B9D9-9D2730A98DC3}.Debug|Any CPU.ActiveCfg = Debug|Any CPU
		{4960DD14-3431-47EC-B9D9-9D2730A98DC3}.Debug|Any CPU.Build.0 = Debug|Any CPU
		{4960DD14-3431-47EC-B9D9-9D2730A98DC3}.Deploy|Any CPU.ActiveCfg = Release|Any CPU
		{4960DD14-3431-47EC-B9D9-9D2730A98DC3}.Deploy|Any CPU.Build.0 = Release|Any CPU
		{4960DD14-3431-47EC-B9D9-9D2730A98DC3}.Release|Any CPU.ActiveCfg = Release|Any CPU
		{4960DD14-3431-47EC-B9D9-9D2730A98DC3}.Release|Any CPU.Build.0 = Release|Any CPU
		{B87AD11B-B701-496B-B48E-D1D963F2A336}.Debug|Any CPU.ActiveCfg = Debug|Any CPU
		{B87AD11B-B701-496B-B48E-D1D963F2A336}.Debug|Any CPU.Build.0 = Debug|Any CPU
		{B87AD11B-B701-496B-B48E-D1D963F2A336}.Deploy|Any CPU.ActiveCfg = Debug|Any CPU
		{B87AD11B-B701-496B-B48E-D1D963F2A336}.Release|Any CPU.ActiveCfg = Release|Any CPU
		{B87AD11B-B701-496B-B48E-D1D963F2A336}.Release|Any CPU.Build.0 = Release|Any CPU
		{F87D341F-98B8-46B5-9794-880EB0649781}.Debug|Any CPU.ActiveCfg = Debug|Any CPU
		{F87D341F-98B8-46B5-9794-880EB0649781}.Debug|Any CPU.Build.0 = Debug|Any CPU
		{F87D341F-98B8-46B5-9794-880EB0649781}.Deploy|Any CPU.ActiveCfg = Debug|Any CPU
		{F87D341F-98B8-46B5-9794-880EB0649781}.Release|Any CPU.ActiveCfg = Release|Any CPU
		{F87D341F-98B8-46B5-9794-880EB0649781}.Release|Any CPU.Build.0 = Release|Any CPU
		{5955CC95-9232-45CD-9DB4-AF9F1BB6B59E}.Debug|Any CPU.ActiveCfg = Debug|Any CPU
		{5955CC95-9232-45CD-9DB4-AF9F1BB6B59E}.Deploy|Any CPU.ActiveCfg = Release|Any CPU
		{5955CC95-9232-45CD-9DB4-AF9F1BB6B59E}.Deploy|Any CPU.Build.0 = Release|Any CPU
		{5955CC95-9232-45CD-9DB4-AF9F1BB6B59E}.Release|Any CPU.ActiveCfg = Release|Any CPU
		{29DDDB7C-F1E9-439C-83CF-D2975FD7A70C}.Debug|Any CPU.ActiveCfg = Debug|Any CPU
		{29DDDB7C-F1E9-439C-83CF-D2975FD7A70C}.Debug|Any CPU.Build.0 = Debug|Any CPU
		{29DDDB7C-F1E9-439C-83CF-D2975FD7A70C}.Deploy|Any CPU.ActiveCfg = Debug|Any CPU
		{29DDDB7C-F1E9-439C-83CF-D2975FD7A70C}.Deploy|Any CPU.Build.0 = Debug|Any CPU
		{29DDDB7C-F1E9-439C-83CF-D2975FD7A70C}.Release|Any CPU.ActiveCfg = Release|Any CPU
		{29DDDB7C-F1E9-439C-83CF-D2975FD7A70C}.Release|Any CPU.Build.0 = Release|Any CPU
	EndGlobalSection
	GlobalSection(SolutionProperties) = preSolution
		HideSolutionNode = FALSE
	EndGlobalSection
EndGlobal
